
Microsoft Visual Studio Solution File, Format Version 12.00
# Visual Studio 2012
Project("{FAE04EC0-301F-11D3-BF4B-00C04F79EFBC}") = "AwsDynamoDbTest", "AwsDynamoDbTest\AwsDynamoDbTest.csproj", "{E2C6FCB0-E871-4220-A8D4-DC654318BE4D}"
EndProject
Project("{FAE04EC0-301F-11D3-BF4B-00C04F79EFBC}") = "AwsDynamoDbTest.iOS", "iOS\AwsDynamoDbTest.iOS.csproj", "{20E25BB4-B37B-4462-8ADE-5016E71129EC}"
EndProject
Project("{FAE04EC0-301F-11D3-BF4B-00C04F79EFBC}") = "AwsDynamoDbTest.Droid", "Droid\AwsDynamoDbTest.Droid.csproj", "{5400F55F-1B14-42D1-A018-1FEC139683D4}"
EndProject
Project("{FAE04EC0-301F-11D3-BF4B-00C04F79EFBC}") = "AwsDynamoDbTest.UITests", "UITests\AwsDynamoDbTest.UITests.csproj", "{2D7DC5ED-E710-4D32-B462-775284D775FF}"
EndProject
Project("{FAE04EC0-301F-11D3-BF4B-00C04F79EFBC}") = "AwsDynamoDbTest.Core", "AwsDynamoDbTest.Core\AwsDynamoDbTest.Core.csproj", "{E06E2F81-C41E-4C69-9163-55F740862AA2}"
EndProject
Global
	GlobalSection(SolutionConfigurationPlatforms) = preSolution
		Debug|Any CPU = Debug|Any CPU
		Release|Any CPU = Release|Any CPU
		Debug|iPhoneSimulator = Debug|iPhoneSimulator
		Release|iPhone = Release|iPhone
		Release|iPhoneSimulator = Release|iPhoneSimulator
		Debug|iPhone = Debug|iPhone
	EndGlobalSection
	GlobalSection(ProjectConfigurationPlatforms) = postSolution
		{E2C6FCB0-E871-4220-A8D4-DC654318BE4D}.Debug|Any CPU.ActiveCfg = Debug|Any CPU
		{E2C6FCB0-E871-4220-A8D4-DC654318BE4D}.Debug|Any CPU.Build.0 = Debug|Any CPU
		{E2C6FCB0-E871-4220-A8D4-DC654318BE4D}.Release|Any CPU.ActiveCfg = Release|Any CPU
		{E2C6FCB0-E871-4220-A8D4-DC654318BE4D}.Release|Any CPU.Build.0 = Release|Any CPU
		{E2C6FCB0-E871-4220-A8D4-DC654318BE4D}.Debug|iPhoneSimulator.ActiveCfg = Debug|Any CPU
		{E2C6FCB0-E871-4220-A8D4-DC654318BE4D}.Debug|iPhoneSimulator.Build.0 = Debug|Any CPU
		{E2C6FCB0-E871-4220-A8D4-DC654318BE4D}.Release|iPhone.ActiveCfg = Release|Any CPU
		{E2C6FCB0-E871-4220-A8D4-DC654318BE4D}.Release|iPhone.Build.0 = Release|Any CPU
		{E2C6FCB0-E871-4220-A8D4-DC654318BE4D}.Release|iPhoneSimulator.ActiveCfg = Release|Any CPU
		{E2C6FCB0-E871-4220-A8D4-DC654318BE4D}.Release|iPhoneSimulator.Build.0 = Release|Any CPU
		{E2C6FCB0-E871-4220-A8D4-DC654318BE4D}.Debug|iPhone.ActiveCfg = Debug|Any CPU
		{E2C6FCB0-E871-4220-A8D4-DC654318BE4D}.Debug|iPhone.Build.0 = Debug|Any CPU
		{20E25BB4-B37B-4462-8ADE-5016E71129EC}.Debug|Any CPU.ActiveCfg = Debug|iPhoneSimulator
		{20E25BB4-B37B-4462-8ADE-5016E71129EC}.Debug|Any CPU.Build.0 = Debug|iPhoneSimulator
		{20E25BB4-B37B-4462-8ADE-5016E71129EC}.Release|Any CPU.ActiveCfg = Release|iPhone
		{20E25BB4-B37B-4462-8ADE-5016E71129EC}.Release|Any CPU.Build.0 = Release|iPhone
		{20E25BB4-B37B-4462-8ADE-5016E71129EC}.Debug|iPhoneSimulator.ActiveCfg = Debug|iPhoneSimulator
		{20E25BB4-B37B-4462-8ADE-5016E71129EC}.Debug|iPhoneSimulator.Build.0 = Debug|iPhoneSimulator
		{20E25BB4-B37B-4462-8ADE-5016E71129EC}.Release|iPhone.ActiveCfg = Release|iPhone
		{20E25BB4-B37B-4462-8ADE-5016E71129EC}.Release|iPhone.Build.0 = Release|iPhone
		{20E25BB4-B37B-4462-8ADE-5016E71129EC}.Release|iPhoneSimulator.ActiveCfg = Release|iPhoneSimulator
		{20E25BB4-B37B-4462-8ADE-5016E71129EC}.Release|iPhoneSimulator.Build.0 = Release|iPhoneSimulator
		{20E25BB4-B37B-4462-8ADE-5016E71129EC}.Debug|iPhone.ActiveCfg = Debug|iPhone
		{20E25BB4-B37B-4462-8ADE-5016E71129EC}.Debug|iPhone.Build.0 = Debug|iPhone
		{5400F55F-1B14-42D1-A018-1FEC139683D4}.Debug|Any CPU.ActiveCfg = Debug|Any CPU
		{5400F55F-1B14-42D1-A018-1FEC139683D4}.Debug|Any CPU.Build.0 = Debug|Any CPU
		{5400F55F-1B14-42D1-A018-1FEC139683D4}.Release|Any CPU.ActiveCfg = Release|Any CPU
		{5400F55F-1B14-42D1-A018-1FEC139683D4}.Release|Any CPU.Build.0 = Release|Any CPU
		{5400F55F-1B14-42D1-A018-1FEC139683D4}.Debug|iPhoneSimulator.ActiveCfg = Debug|Any CPU
		{5400F55F-1B14-42D1-A018-1FEC139683D4}.Debug|iPhoneSimulator.Build.0 = Debug|Any CPU
		{5400F55F-1B14-42D1-A018-1FEC139683D4}.Release|iPhone.ActiveCfg = Release|Any CPU
		{5400F55F-1B14-42D1-A018-1FEC139683D4}.Release|iPhone.Build.0 = Release|Any CPU
		{5400F55F-1B14-42D1-A018-1FEC139683D4}.Release|iPhoneSimulator.ActiveCfg = Release|Any CPU
		{5400F55F-1B14-42D1-A018-1FEC139683D4}.Release|iPhoneSimulator.Build.0 = Release|Any CPU
		{5400F55F-1B14-42D1-A018-1FEC139683D4}.Debug|iPhone.ActiveCfg = Debug|Any CPU
		{5400F55F-1B14-42D1-A018-1FEC139683D4}.Debug|iPhone.Build.0 = Debug|Any CPU
		{2D7DC5ED-E710-4D32-B462-775284D775FF}.Debug|Any CPU.ActiveCfg = Debug|Any CPU
		{2D7DC5ED-E710-4D32-B462-775284D775FF}.Debug|Any CPU.Build.0 = Debug|Any CPU
		{2D7DC5ED-E710-4D32-B462-775284D775FF}.Release|Any CPU.ActiveCfg = Release|Any CPU
		{2D7DC5ED-E710-4D32-B462-775284D775FF}.Release|Any CPU.Build.0 = Release|Any CPU
		{2D7DC5ED-E710-4D32-B462-775284D775FF}.Debug|iPhoneSimulator.ActiveCfg = Debug|Any CPU
		{2D7DC5ED-E710-4D32-B462-775284D775FF}.Debug|iPhoneSimulator.Build.0 = Debug|Any CPU
		{2D7DC5ED-E710-4D32-B462-775284D775FF}.Release|iPhone.ActiveCfg = Release|Any CPU
		{2D7DC5ED-E710-4D32-B462-775284D775FF}.Release|iPhone.Build.0 = Release|Any CPU
		{2D7DC5ED-E710-4D32-B462-775284D775FF}.Release|iPhoneSimulator.ActiveCfg = Release|Any CPU
		{2D7DC5ED-E710-4D32-B462-775284D775FF}.Release|iPhoneSimulator.Build.0 = Release|Any CPU
		{2D7DC5ED-E710-4D32-B462-775284D775FF}.Debug|iPhone.ActiveCfg = Debug|Any CPU
		{2D7DC5ED-E710-4D32-B462-775284D775FF}.Debug|iPhone.Build.0 = Debug|Any CPU
		{E06E2F81-C41E-4C69-9163-55F740862AA2}.Debug|Any CPU.ActiveCfg = Debug|Any CPU
		{E06E2F81-C41E-4C69-9163-55F740862AA2}.Debug|Any CPU.Build.0 = Debug|Any CPU
		{E06E2F81-C41E-4C69-9163-55F740862AA2}.Release|Any CPU.ActiveCfg = Release|Any CPU
		{E06E2F81-C41E-4C69-9163-55F740862AA2}.Release|Any CPU.Build.0 = Release|Any CPU
		{E06E2F81-C41E-4C69-9163-55F740862AA2}.Debug|iPhoneSimulator.ActiveCfg = Debug|Any CPU
		{E06E2F81-C41E-4C69-9163-55F740862AA2}.Debug|iPhoneSimulator.Build.0 = Debug|Any CPU
		{E06E2F81-C41E-4C69-9163-55F740862AA2}.Release|iPhone.ActiveCfg = Release|Any CPU
		{E06E2F81-C41E-4C69-9163-55F740862AA2}.Release|iPhone.Build.0 = Release|Any CPU
		{E06E2F81-C41E-4C69-9163-55F740862AA2}.Release|iPhoneSimulator.ActiveCfg = Release|Any CPU
		{E06E2F81-C41E-4C69-9163-55F740862AA2}.Release|iPhoneSimulator.Build.0 = Release|Any CPU
		{E06E2F81-C41E-4C69-9163-55F740862AA2}.Debug|iPhone.ActiveCfg = Debug|Any CPU
		{E06E2F81-C41E-4C69-9163-55F740862AA2}.Debug|iPhone.Build.0 = Debug|Any CPU
	EndGlobalSection
EndGlobal
